github.com/davecgh/go-spew v1.1.1 h1:vj9j/u1bqnvCEfJOwUhtlOARqs3+rkHYY13jYWTU97c=
github.com/motoki317/sc v1.6.0 h1:zVxu3ut+DhHwMTzQ3cifeHe51FJxCT5Ji2QlEhtWDOE=
github.com/motoki317/sc v1.6.0/go.mod h1:JFH2KPwRS2StSoQuaMu0e4Kt7ebx439E6MW72Qqg2eQ=
github.com/motoki317/swr-cache v0.0.5 h1:uQcIw8UQuczDFDqDgFdBDRFUhXwFI7Zi81ztCYjTDKY=
github.com/motoki317/swr-cache v0.0.5/go.mod h1:E+Kzo6AYBN43S0NuQoyH7Z0cBgjcG4RmHqsQemLOE4o=
github.com/pmezard/go-difflib v1.0.0 h1:4DBwDE0NGyQoBHbLQYPwSUPoCMWR5BEzIk/f1lZbAQM=
github.com/stretchr/testify v1.7.1 h1:5TQK59W5E3v0r2duFAb7P95B6hEeOyEnHRa8MjYSMTY=
gopkg.in/yaml.v3 v3.0.0-20210107192922-496545a6307b h1:h8qDotaEPuJATrMmW04NCwg7v22aHH28wwpauUhK9Oo=
