github.com/motoki317/sc v1.6.0 h1:zVxu3ut+DhHwMTzQ3cifeHe51FJxCT5Ji2QlEhtWDOE=
github.com/motoki317/sc v1.6.0/go.mod h1:JFH2KPwRS2StSoQuaMu0e4Kt7ebx439E6MW72Qqg2eQ=
github.com/motoki317/swr-cache v0.0.5 h1:uQcIw8UQuczDFDqDgFdBDRFUhXwFI7Zi81ztCYjTDKY=
github.com/motoki317/swr-cache v0.0.5/go.mod h1:E+Kzo6AYBN43S0NuQoyH7Z0cBgjcG4RmHqsQemLOE4o=
